
Microsoft Visual Studio Solution File, Format Version 12.00
Project("{FAE04EC0-301F-11D3-BF4B-00C04F79EFBC}") = "SaveManager", "src\SaveManager.csproj", "{11A49EFB-9499-4693-A5FE-08690699D138}"
EndProject
Global
	GlobalSection(SolutionConfigurationPlatforms) = preSolution
		Debug|Any CPU = Debug|Any CPU
		Release|Any CPU = Release|Any CPU
	EndGlobalSection
	GlobalSection(ProjectConfigurationPlatforms) = postSolution
		{11A49EFB-9499-4693-A5FE-08690699D138}.Debug|Any CPU.ActiveCfg = Debug|Any CPU
		{11A49EFB-9499-4693-A5FE-08690699D138}.Debug|Any CPU.Build.0 = Debug|Any CPU
		{11A49EFB-9499-4693-A5FE-08690699D138}.Release|Any CPU.ActiveCfg = Release|Any CPU
		{11A49EFB-9499-4693-A5FE-08690699D138}.Release|Any CPU.Build.0 = Release|Any CPU
	EndGlobalSection
EndGlobal
